
Microsoft Visual Studio Solution File, Format Version 12.00
# Visual Studio 15
VisualStudioVersion = 15.0.27428.2043
MinimumVisualStudioVersion = 10.0.40219.1
Project("{FAE04EC0-301F-11D3-BF4B-00C04F79EFBC}") = "authAPI", "authAPI\authAPI.csproj", "{F34AA4F7-36CC-4BFB-96CB-5724854C62C0}"
EndProject
Global
	GlobalSection(SolutionConfigurationPlatforms) = preSolution
		Debug|Any CPU = Debug|Any CPU
		Release|Any CPU = Release|Any CPU
	EndGlobalSection
	GlobalSection(ProjectConfigurationPlatforms) = postSolution
		{F34AA4F7-36CC-4BFB-96CB-5724854C62C0}.Debug|Any CPU.ActiveCfg = Debug|Any CPU
		{F34AA4F7-36CC-4BFB-96CB-5724854C62C0}.Debug|Any CPU.Build.0 = Debug|Any CPU
		{F34AA4F7-36CC-4BFB-96CB-5724854C62C0}.Release|Any CPU.ActiveCfg = Release|Any CPU
		{F34AA4F7-36CC-4BFB-96CB-5724854C62C0}.Release|Any CPU.Build.0 = Release|Any CPU
	EndGlobalSection
	GlobalSection(SolutionProperties) = preSolution
		HideSolutionNode = FALSE
	EndGlobalSection
	GlobalSection(ExtensibilityGlobals) = postSolution
		SolutionGuid = {AC980A76-57D5-4306-BA94-6BC3AD2896B1}
	EndGlobalSection
EndGlobal
